
Microsoft Visual Studio Solution File, Format Version 12.00
# Visual Studio Version 17
VisualStudioVersion = 17.6.33717.318
MinimumVisualStudioVersion = 10.0.40219.1
Project("{8BC9CEB8-8B4A-11D0-8D11-00A0C91BC942}") = "client", "client\client.vcxproj", "{975632A9-45BC-4742-B6C1-F56503F4C6DB}"
EndProject
Project("{9092AA53-FB77-4645-B42D-1CCCA6BD08BD}") = "server", "server\server.njsproj", "{9D7705B8-BBF2-45B1-9744-65A3137F3A99}"
EndProject
Global
	GlobalSection(SolutionConfigurationPlatforms) = preSolution
		Debug|Any CPU = Debug|Any CPU
		Debug|x64 = Debug|x64
		Debug|x86 = Debug|x86
		Release|Any CPU = Release|Any CPU
		Release|x64 = Release|x64
		Release|x86 = Release|x86
	EndGlobalSection
	GlobalSection(ProjectConfigurationPlatforms) = postSolution
		{975632A9-45BC-4742-B6C1-F56503F4C6DB}.Debug|Any CPU.ActiveCfg = Debug|x64
		{975632A9-45BC-4742-B6C1-F56503F4C6DB}.Debug|Any CPU.Build.0 = Debug|x64
		{975632A9-45BC-4742-B6C1-F56503F4C6DB}.Debug|x64.ActiveCfg = Debug|x64
		{975632A9-45BC-4742-B6C1-F56503F4C6DB}.Debug|x64.Build.0 = Debug|x64
		{975632A9-45BC-4742-B6C1-F56503F4C6DB}.Debug|x86.ActiveCfg = Debug|Win32
		{975632A9-45BC-4742-B6C1-F56503F4C6DB}.Debug|x86.Build.0 = Debug|Win32
		{975632A9-45BC-4742-B6C1-F56503F4C6DB}.Release|Any CPU.ActiveCfg = Release|x64
		{975632A9-45BC-4742-B6C1-F56503F4C6DB}.Release|Any CPU.Build.0 = Release|x64
		{975632A9-45BC-4742-B6C1-F56503F4C6DB}.Release|x64.ActiveCfg = Release|x64
		{975632A9-45BC-4742-B6C1-F56503F4C6DB}.Release|x64.Build.0 = Release|x64
		{975632A9-45BC-4742-B6C1-F56503F4C6DB}.Release|x86.ActiveCfg = Release|Win32
		{975632A9-45BC-4742-B6C1-F56503F4C6DB}.Release|x86.Build.0 = Release|Win32
		{9D7705B8-BBF2-45B1-9744-65A3137F3A99}.Debug|Any CPU.ActiveCfg = Debug|Any CPU
		{9D7705B8-BBF2-45B1-9744-65A3137F3A99}.Debug|Any CPU.Build.0 = Debug|Any CPU
		{9D7705B8-BBF2-45B1-9744-65A3137F3A99}.Debug|x64.ActiveCfg = Debug|Any CPU
		{9D7705B8-BBF2-45B1-9744-65A3137F3A99}.Debug|x64.Build.0 = Debug|Any CPU
		{9D7705B8-BBF2-45B1-9744-65A3137F3A99}.Debug|x86.ActiveCfg = Debug|Any CPU
		{9D7705B8-BBF2-45B1-9744-65A3137F3A99}.Debug|x86.Build.0 = Debug|Any CPU
		{9D7705B8-BBF2-45B1-9744-65A3137F3A99}.Release|Any CPU.ActiveCfg = Release|Any CPU
		{9D7705B8-BBF2-45B1-9744-65A3137F3A99}.Release|Any CPU.Build.0 = Release|Any CPU
		{9D7705B8-BBF2-45B1-9744-65A3137F3A99}.Release|x64.ActiveCfg = Release|Any CPU
		{9D7705B8-BBF2-45B1-9744-65A3137F3A99}.Release|x64.Build.0 = Release|Any CPU
		{9D7705B8-BBF2-45B1-9744-65A3137F3A99}.Release|x86.ActiveCfg = Release|Any CPU
		{9D7705B8-BBF2-45B1-9744-65A3137F3A99}.Release|x86.Build.0 = Release|Any CPU
	EndGlobalSection
	GlobalSection(SolutionProperties) = preSolution
		HideSolutionNode = FALSE
	EndGlobalSection
	GlobalSection(ExtensibilityGlobals) = postSolution
		SolutionGuid = {6B3CD33B-15E3-4242-BEAB-8994BE5C5546}
	EndGlobalSection
EndGlobal
